// !$*UTF8*$!
{
	archiveVersion = 1;
	classes = {
	};
	objectVersion = 46;
	objects = {

/* Begin PBXBuildFile section */
		C5EE780C1D619B2C00DFE95E /* AppDelegate.swift in Sources */ = {isa = PBXBuildFile; fileRef = C5EE780B1D619B2C00DFE95E /* AppDelegate.swift */; };
		C5EE780E1D619B2C00DFE95E /* ViewController.swift in Sources */ = {isa = PBXBuildFile; fileRef = C5EE780D1D619B2C00DFE95E /* ViewController.swift */; };
		C5EE78111D619B2C00DFE95E /* Main.storyboard in Resources */ = {isa = PBXBuildFile; fileRef = C5EE780F1D619B2C00DFE95E /* Main.storyboard */; };
		C5EE78131D619B2C00DFE95E /* Assets.xcassets in Resources */ = {isa = PBXBuildFile; fileRef = C5EE78121D619B2C00DFE95E /* Assets.xcassets */; };
		C5EE78161D619B2C00DFE95E /* LaunchScreen.storyboard in Resources */ = {isa = PBXBuildFile; fileRef = C5EE78141D619B2C00DFE95E /* LaunchScreen.storyboard */; };
/* End PBXBuildFile section */

/* Begin PBXFileReference section */
		C5EE78081D619B2C00DFE95E /* DragableView.app */ = {isa = PBXFileReference; explicitFileType = wrapper.application; includeInIndex = 0; path = DragableView.app; sourceTree = BUILT_PRODUCTS_DIR; };
		C5EE780B1D619B2C00DFE95E /* AppDelegate.swift */ = {isa = PBXFileReference; lastKnownFileType = sourcecode.swift; path = AppDelegate.swift; sourceTree = "<group>"; };
		C5EE780D1D619B2C00DFE95E /* ViewController.swift */ = {isa = PBXFileReference; lastKnownFileType = sourcecode.swift; path = ViewController.swift; sourceTree = "<group>"; };
		C5EE78101D619B2C00DFE95E /* Base */ = {isa = PBXFileReference; lastKnownFileType = file.storyboard; name = Base; path = Base.lproj/Main.storyboard; sourceTree = "<group>"; };
		C5EE78121D619B2C00DFE95E /* Assets.xcassets */ = {isa = PBXFileReference; lastKnownFileType = folder.assetcatalog; path = Assets.xcassets; sourceTree = "<group>"; };
		C5EE78151D619B2C00DFE95E /* Base */ = {isa = PBXFileReference; lastKnownFileType = file.storyboard; name = Base; path = Base.lproj/LaunchScreen.storyboard; sourceTree = "<group>"; };
		C5EE78171D619B2C00DFE95E /* Info.plist */ = {isa = PBXFileReference; lastKnownFileType = text.plist.xml; path = Info.plist; sourceTree = "<group>"; };
/* End PBXFileReference section */

/* Begin PBXFrameworksBuildPhase section */
		C5EE78051D619B2C00DFE95E /* Frameworks */ = {
			isa = PBXFrameworksBuildPhase;
			buildActionMask = 2147483647;
			files = (
			);
			runOnlyForDeploymentPostprocessing = 0;
		};
/* End PBXFrameworksBuildPhase section */

/* Begin PBXGroup section */
		C5EE77FF1D619B2C00DFE95E = {
			isa = PBXGroup;
			children = (
				C5EE780A1D619B2C00DFE95E /* DragableView */,
				C5EE78091D619B2C00DFE95E /* Products */,
			);
			sourceTree = "<group>";
		};
		C5EE78091D619B2C00DFE95E /* Products */ = {
			isa = PBXGroup;
			children = (
				C5EE78081D619B2C00DFE95E /* DragableView.app */,
			);
			name = Products;
			sourceTree = "<group>";
		};
		C5EE780A1D619B2C00DFE95E /* DragableView */ = {
			isa = PBXGroup;
			children = (
				C5EE780B1D619B2C00DFE95E /* AppDelegate.swift */,
				C5EE780D1D619B2C00DFE95E /* ViewController.swift */,
				C5EE780F1D619B2C00DFE95E /* Main.storyboard */,
				C5EE78121D619B2C00DFE95E /* Assets.xcassets */,
				C5EE78141D619B2C00DFE95E /* LaunchScreen.storyboard */,
				C5EE78171D619B2C00DFE95E /* Info.plist */,
			);
			path = DragableView;
			sourceTree = "<group>";
		};
/* End PBXGroup section */

/* Begin PBXNativeTarget section */
		C5EE78071D619B2C00DFE95E /* DragableView */ = {
			isa = PBXNativeTarget;
			buildConfigurationList = C5EE781A1D619B2C00DFE95E /* Build configuration list for PBXNativeTarget "DragableView" */;
			buildPhases = (
				C5EE78041D619B2C00DFE95E /* Sources */,
				C5EE78051D619B2C00DFE95E /* Frameworks */,
				C5EE78061D619B2C00DFE95E /* Resources */,
			);
			buildRules = (
			);
			dependencies = (
			);
			name = DragableView;
			productName = DragableView;
			productReference = C5EE78081D619B2C00DFE95E /* DragableView.app */;
			productType = "com.apple.product-type.application";
		};
/* End PBXNativeTarget section */

/* Begin PBXProject section */
		C5EE78001D619B2C00DFE95E /* Project object */ = {
			isa = PBXProject;
			attributes = {
				LastSwiftUpdateCheck = 0730;
				LastUpgradeCheck = 0730;
				ORGANIZATIONNAME = "Shinya Yamamoto";
				TargetAttributes = {
					C5EE78071D619B2C00DFE95E = {
						CreatedOnToolsVersion = 7.3.1;
					};
				};
			};
			buildConfigurationList = C5EE78031D619B2C00DFE95E /* Build configuration list for PBXProject "DragableView" */;
			compatibilityVersion = "Xcode 3.2";
			developmentRegion = English;
			hasScannedForEncodings = 0;
			knownRegions = (
				en,
				Base,
			);
			mainGroup = C5EE77FF1D619B2C00DFE95E;
			productRefGroup = C5EE78091D619B2C00DFE95E /* Products */;
			projectDirPath = "";
			projectRoot = "";
			targets = (
				C5EE78071D619B2C00DFE95E /* DragableView */,
			);
		};
/* End PBXProject section */

/* Begin PBXResourcesBuildPhase section */
		C5EE78061D619B2C00DFE95E /* Resources */ = {
			isa = PBXResourcesBuildPhase;
			buildActionMask = 2147483647;
			files = (
				C5EE78161D619B2C00DFE95E /* LaunchScreen.storyboard in Resources */,
				C5EE78131D619B2C00DFE95E /* Assets.xcassets in Resources */,
				C5EE78111D619B2C00DFE95E /* Main.storyboard in Resources */,
			);
			runOnlyForDeploymentPostprocessing = 0;
		};
/* End PBXResourcesBuildPhase section */

/* Begin PBXSourcesBuildPhase section */
		C5EE78041D619B2C00DFE95E /* Sources */ = {
			isa = PBXSourcesBuildPhase;
			buildActionMask = 2147483647;
			files = (
				C5EE780E1D619B2C00DFE95E /* ViewController.swift in Sources */,
				C5EE780C1D619B2C00DFE95E /* AppDelegate.swift in Sources */,
			);
			runOnlyForDeploymentPostprocessing = 0;
		};
/* End PBXSourcesBuildPhase section */

/* Begin PBXVariantGroup section */
		C5EE780F1D619B2C00DFE95E /* Main.storyboard */ = {
			isa = PBXVariantGroup;
			children = (
				C5EE78101D619B2C00DFE95E /* Base */,
			);
			name = Main.storyboard;
			sourceTree = "<group>";
		};
		C5EE78141D619B2C00DFE95E /* LaunchScreen.storyboard */ = {
			isa = PBXVariantGroup;
			children = (
				C5EE78151D619B2C00DFE95E /* Base */,
			);
			name = LaunchScreen.storyboard;
			sourceTree = "<group>";
		};
/* End PBXVariantGroup section */

/* Begin XCBuildConfiguration section */
		C5EE78181D619B2C00DFE95E /* Debug */ = {
			isa = XCBuildConfiguration;
			buildSettings = {
				ALWAYS_SEARCH_USER_PATHS = NO;
				CLANG_ANALYZER_NONNULL = YES;
				CLANG_CXX_LANGUAGE_STANDARD = "gnu++0x";
				CLANG_CXX_LIBRARY = "libc++";
				CLANG_ENABLE_MODULES = YES;
				CLANG_ENABLE_OBJC_ARC = YES;
				CLANG_WARN_BOOL_CONVERSION = YES;
				CLANG_WARN_CONSTANT_CONVERSION = YES;
				CLANG_WARN_DIRECT_OBJC_ISA_USAGE = YES_ERROR;
				CLANG_WARN_EMPTY_BODY = YES;
				CLANG_WARN_ENUM_CONVERSION = YES;
				CLANG_WARN_INT_CONVERSION = YES;
				CLANG_WARN_OBJC_ROOT_CLASS = YES_ERROR;
				CLANG_WARN_UNREACHABLE_CODE = YES;
				CLANG_WARN__DUPLICATE_METHOD_MATCH = YES;
				"CODE_SIGN_IDENTITY[sdk=iphoneos*]" = "iPhone Developer";
				COPY_PHASE_STRIP = NO;
				DEBUG_INFORMATION_FORMAT = dwarf;
				ENABLE_STRICT_OBJC_MSGSEND = YES;
				ENABLE_TESTABILITY = YES;
				GCC_C_LANGUAGE_STANDARD = gnu99;
				GCC_DYNAMIC_NO_PIC = NO;
				GCC_NO_COMMON_BLOCKS = YES;
				GCC_OPTIMIZATION_LEVEL = 0;
				GCC_PREPROCESSOR_DEFINITIONS = (
					"DEBUG=1",
					"$(inherited)",
				);
				GCC_WARN_64_TO_32_BIT_CONVERSION = YES;
				GCC_WARN_ABOUT_RETURN_TYPE = YES_ERROR;
				GCC_WARN_UNDECLARED_SELECTOR = YES;
				GCC_WARN_UNINITIALIZED_AUTOS = YES_AGGRESSIVE;
				GCC_WARN_UNUSED_FUNCTION = YES;
				GCC_WARN_UNUSED_VARIABLE = YES;
				IPHONEOS_DEPLOYMENT_TARGET = 9.3;
				MTL_ENABLE_DEBUG_INFO = YES;
				ONLY_ACTIVE_ARCH = YES;
				SDKROOT = iphoneos;
				SWIFT_OPTIMIZATION_LEVEL = "-Onone";
				TARGETED_DEVICE_FAMILY = "1,2";
			};
			name = Debug;
		};
		C5EE78191D619B2C00DFE95E /* Release */ = {
			isa = XCBuildConfiguration;
			buildSettings = {
				ALWAYS_SEARCH_USER_PATHS = NO;
				CLANG_ANALYZER_NONNULL = YES;
				CLANG_CXX_LANGUAGE_STANDARD = "gnu++0x";
				CLANG_CXX_LIBRARY = "libc++";
				CLANG_ENABLE_MODULES = YES;
				CLANG_ENABLE_OBJC_ARC = YES;
				CLANG_WARN_BOOL_CONVERSION = YES;
				CLANG_WARN_CONSTANT_CONVERSION = YES;
				CLANG_WARN_DIRECT_OBJC_ISA_USAGE = YES_ERROR;
				CLANG_WARN_EMPTY_BODY = YES;
				CLANG_WARN_ENUM_CONVERSION = YES;
				CLANG_WARN_INT_CONVERSION = YES;
				CLANG_WARN_OBJC_ROOT_CLASS = YES_ERROR;
				CLANG_WARN_UNREACHABLE_CODE = YES;
				CLANG_WARN__DUPLICATE_METHOD_MATCH = YES;
				"CODE_SIGN_IDENTITY[sdk=iphoneos*]" = "iPhone Developer";
				COPY_PHASE_STRIP = NO;
				DEBUG_INFORMATION_FORMAT = "dwarf-with-dsym";
				ENABLE_NS_ASSERTIONS = NO;
				ENABLE_STRICT_OBJC_MSGSEND = YES;
				GCC_C_LANGUAGE_STANDARD = gnu99;
				GCC_NO_COMMON_BLOCKS = YES;
				GCC_WARN_64_TO_32_BIT_CONVERSION = YES;
				GCC_WARN_ABOUT_RETURN_TYPE = YES_ERROR;
				GCC_WARN_UNDECLARED_SELECTOR = YES;
				GCC_WARN_UNINITIALIZED_AUTOS = YES_AGGRESSIVE;
				GCC_WARN_UNUSED_FUNCTION = YES;
				GCC_WARN_UNUSED_VARIABLE = YES;
				IPHONEOS_DEPLOYMENT_TARGET = 9.3;
				MTL_ENABLE_DEBUG_INFO = NO;
				SDKROOT = iphoneos;
				TARGETED_DEVICE_FAMILY = "1,2";
				VALIDATE_PRODUCT = YES;
			};
			name = Release;
		};
		C5EE781B1D619B2C00DFE95E /* Debug */ = {
			isa = XCBuildConfiguration;
			buildSettings = {
				ASSETCATALOG_COMPILER_APPICON_NAME = AppIcon;
				INFOPLIST_FILE = DragableView/Info.plist;
				LD_RUNPATH_SEARCH_PATHS = "$(inherited) @executable_path/Frameworks";
				PRODUCT_BUNDLE_IDENTIFIER = ShinyaYamamoto.DragableView;
				PRODUCT_NAME = "$(TARGET_NAME)";
			};
			name = Debug;
		};
		C5EE781C1D619B2C00DFE95E /* Release */ = {
			isa = XCBuildConfiguration;
			buildSettings = {
				ASSETCATALOG_COMPILER_APPICON_NAME = AppIcon;
				INFOPLIST_FILE = DragableView/Info.plist;
				LD_RUNPATH_SEARCH_PATHS = "$(inherited) @executable_path/Frameworks";
				PRODUCT_BUNDLE_IDENTIFIER = ShinyaYamamoto.DragableView;
				PRODUCT_NAME = "$(TARGET_NAME)";
			};
			name = Release;
		};
/* End XCBuildConfiguration section */

/* Begin XCConfigurationList section */
		C5EE78031D619B2C00DFE95E /* Build configuration list for PBXProject "DragableView" */ = {
			isa = XCConfigurationList;
			buildConfigurations = (
				C5EE78181D619B2C00DFE95E /* Debug */,
				C5EE78191D619B2C00DFE95E /* Release */,
			);
			defaultConfigurationIsVisible = 0;
			defaultConfigurationName = Release;
		};
		C5EE781A1D619B2C00DFE95E /* Build configuration list for PBXNativeTarget "DragableView" */ = {
			isa = XCConfigurationList;
			buildConfigurations = (
				C5EE781B1D619B2C00DFE95E /* Debug */,
				C5EE781C1D619B2C00DFE95E /* Release */,
			);
			defaultConfigurationIsVisible = 0;
		};
/* End XCConfigurationList section */
	};
	rootObject = C5EE78001D619B2C00DFE95E /* Project object */;
}
